
Microsoft Visual Studio Solution File, Format Version 12.00
# Visual Studio Version 17
VisualStudioVersion = 17.11.35312.102
MinimumVisualStudioVersion = 10.0.40219.1
Project("{9A19103F-16F7-4668-BE54-9A1E7A4F7556}") = "BlazorWebAppMediatr", "BlazorWebAppMediatr\BlazorWebAppMediatr.csproj", "{BF9A80E9-3E66-4989-ACB2-C1784B50EE26}"
EndProject
Global
	GlobalSection(SolutionConfigurationPlatforms) = preSolution
		Debug|Any CPU = Debug|Any CPU
		Release|Any CPU = Release|Any CPU
	EndGlobalSection
	GlobalSection(ProjectConfigurationPlatforms) = postSolution
		{BF9A80E9-3E66-4989-ACB2-C1784B50EE26}.Debug|Any CPU.ActiveCfg = Debug|Any CPU
		{BF9A80E9-3E66-4989-ACB2-C1784B50EE26}.Debug|Any CPU.Build.0 = Debug|Any CPU
		{BF9A80E9-3E66-4989-ACB2-C1784B50EE26}.Release|Any CPU.ActiveCfg = Release|Any CPU
		{BF9A80E9-3E66-4989-ACB2-C1784B50EE26}.Release|Any CPU.Build.0 = Release|Any CPU
	EndGlobalSection
	GlobalSection(SolutionProperties) = preSolution
		HideSolutionNode = FALSE
	EndGlobalSection
	GlobalSection(ExtensibilityGlobals) = postSolution
		SolutionGuid = {A1DA02D8-F5AC-4416-A6C8-701E3614376F}
	EndGlobalSection
EndGlobal
